{
  "version": "5",
  "specifiers": {
    "jsr:@cross/deepmerge@1": "1.0.0",
    "jsr:@fartlabs/jsonx@^0.0.11": "0.0.11",
    "jsr:@std/assert@^1.0.19": "1.0.19",
    "jsr:@std/assert@~0.220.1": "0.220.1",
    "jsr:@std/encoding@~0.220.1": "0.220.1",
    "jsr:@std/fs@~0.220.1": "0.220.1",
    "jsr:@std/internal@^1.0.12": "1.0.12",
    "jsr:@std/path@~0.220.1": "0.220.1",
    "jsr:@std/regexp@^1.0.2": "1.0.2",
    "jsr:@std/text@^1.0.18": "1.0.18",
    "npm:@mdn/browser-compat-data@^7.3.13": "7.3.13",
    "npm:ts-morph@28": "28.0.0"
  },
  "jsr": {
    "@cross/deepmerge@1.0.0": {
      "integrity": "1e1318a74e31ba1959b9aa0acae8bd417b806f74ffd25ac07c90e12f83ad6b1d"
    },
    "@fartlabs/jsonx@0.0.11": {
      "integrity": "25e70bc64e680c90f0b91d2e639a04d3e8a7811809282a4b82a27e2862218438",
      "dependencies": [
        "jsr:@cross/deepmerge",
        "jsr:@std/encoding",
        "jsr:@std/fs",
        "jsr:@std/path"
      ]
    },
    "@std/assert@0.220.1": {
      "integrity": "88710d54f3afdd7a5761e7805abba1f56cd14e4b212feffeb3e73a9f77482425"
    },
    "@std/assert@1.0.19": {
      "integrity": "eaada96ee120cb980bc47e040f82814d786fe8162ecc53c91d8df60b8755991e",
      "dependencies": [
        "jsr:@std/internal"
      ]
    },
    "@std/encoding@0.220.1": {
      "integrity": "8dc38dd72e36cd68857a5837e24eb09a64bb296b96c295239c75eec17d45d23f"
    },
    "@std/fs@0.220.1": {
      "integrity": "7fe79c08e9e2ea6818b05f271ddba07eaed7e6dac7ce7cfb35e3f8521aa18fc1",
      "dependencies": [
        "jsr:@std/assert@~0.220.1",
        "jsr:@std/path"
      ]
    },
    "@std/internal@1.0.12": {
      "integrity": "972a634fd5bc34b242024402972cd5143eac68d8dffaca5eaa4dba30ce17b027"
    },
    "@std/path@0.220.1": {
      "integrity": "cc63c1b5e5192e2f718dc2f365a3514fffb26cc0380959bab0f8fb5988a52f0c",
      "dependencies": [
        "jsr:@std/assert@~0.220.1"
      ]
    },
    "@std/regexp@1.0.2": {
      "integrity": "7493d47c077cfdb023e41a0b44fd608d87fe5b36fc3dc614261afc0f1452aabf"
    },
    "@std/text@1.0.18": {
      "integrity": "d199e516f80599813c64fd4aee5b8f26f6f7d1e1434c88fd153aeea6fea6a9b9",
      "dependencies": [
        "jsr:@std/regexp"
      ]
    }
  },
  "npm": {
    "@mdn/browser-compat-data@7.3.13": {
      "integrity": "sha512-EniCSTNBv/bpBja1/npmqAGCBeWZmh2EoopsgW4X/yFBB8puVvt9DhV5c+IRjvTVs9j5obvN424FJVPn7guuMA=="
    },
    "@ts-morph/common@0.29.0": {
      "integrity": "sha512-35oUmphHbJvQ/+UTwFNme/t2p3FoKiGJ5auTjjpNTop2dyREspirjMy82PLSC1pnDJ8ah1GU98hwpVt64YXQsg==",
      "dependencies": [
        "minimatch",
        "path-browserify",
        "tinyglobby"
      ]
    },
    "balanced-match@4.0.4": {
      "integrity": "sha512-BLrgEcRTwX2o6gGxGOCNyMvGSp35YofuYzw9h1IMTRmKqttAZZVU67bdb9Pr2vUHA8+j3i2tJfjO6C6+4myGTA=="
    },
    "brace-expansion@5.0.5": {
      "integrity": "sha512-VZznLgtwhn+Mact9tfiwx64fA9erHH/MCXEUfB/0bX/6Fz6ny5EGTXYltMocqg4xFAQZtnO3DHWWXi8RiuN7cQ==",
      "dependencies": [
        "balanced-match"
      ]
    },
    "code-block-writer@13.0.3": {
      "integrity": "sha512-Oofo0pq3IKnsFtuHqSF7TqBfr71aeyZDVJ0HpmqB7FBM2qEigL0iPONSCZSO9pE9dZTAxANe5XHG9Uy0YMv8cg=="
    },
    "fdir@6.5.0_picomatch@4.0.4": {
      "integrity": "sha512-tIbYtZbucOs0BRGqPJkshJUYdL+SDH7dVM8gjy+ERp3WAUjLEFJE+02kanyHtwjWOnwrKYBiwAmM0p4kLJAnXg==",
      "dependencies": [
        "picomatch"
      ],
      "optionalPeers": [
        "picomatch"
      ]
    },
    "minimatch@10.2.5": {
      "integrity": "sha512-MULkVLfKGYDFYejP07QOurDLLQpcjk7Fw+7jXS2R2czRQzR56yHRveU5NDJEOviH+hETZKSkIk5c+T23GjFUMg==",
      "dependencies": [
        "brace-expansion"
      ]
    },
    "path-browserify@1.0.1": {
      "integrity": "sha512-b7uo2UCUOYZcnF/3ID0lulOJi/bafxa1xPe7ZPsammBSpjSWQkjNxlt635YGS2MiR9GjvuXCtz2emr3jbsz98g=="
    },
    "picomatch@4.0.4": {
      "integrity": "sha512-QP88BAKvMam/3NxH6vj2o21R6MjxZUAd6nlwAS/pnGvN9IVLocLHxGYIzFhg6fUQ+5th6P4dv4eW9jX3DSIj7A=="
    },
    "tinyglobby@0.2.16": {
      "integrity": "sha512-pn99VhoACYR8nFHhxqix+uvsbXineAasWm5ojXoN8xEwK5Kd3/TrhNn1wByuD52UxWRLy8pu+kRMniEi6Eq9Zg==",
      "dependencies": [
        "fdir",
        "picomatch"
      ]
    },
    "ts-morph@28.0.0": {
      "integrity": "sha512-Wp3tnZ2bzwxyTZMtgWVzXDfm7lB1Drz+y9DmmYH/L702PQhPyVrp3pkou3yIz4qjS14GY9kcpmLiOOMvl8oG1g==",
      "dependencies": [
        "@ts-morph/common",
        "code-block-writer"
      ]
    }
  },
  "workspace": {
    "dependencies": [
      "jsr:@std/assert@^1.0.19",
      "jsr:@std/text@^1.0.18",
      "npm:@mdn/browser-compat-data@^7.3.13",
      "npm:ts-morph@28"
    ],
    "members": {
      "packages/htx": {
        "dependencies": [
          "jsr:@fartlabs/jsonx@^0.0.11"
        ]
      }
    }
  }
}
